<?xml version="1.0" encoding="utf-8"?>
<Project ToolsVersion="4.0" xmlns="http://schemas.microsoft.com/developer/msbuild/2003">
  <ItemGroup>
    <Filter Include="Source Files">
      <UniqueIdentifier>{4FC737F1-C7A5-4376-A066-2A32D752A2FF}</UniqueIdentifier>
      <Extensions>cpp;c;cc;cxx;def;odl;idl;hpj;bat;asm;asmx</Extensions>
    </Filter>
    <Filter Include="Header Files">
      <UniqueIdentifier>{93995380-89BD-4b04-88EB-625FBE52EBFB}</UniqueIdentifier>
      <Extensions>h;hh;hpp;hxx;hm;inl;inc;xsd</Extensions>
    </Filter>
    <Filter Include="Resource Files">
      <UniqueIdentifier>{67DA6AB6-F800-4c08-8B7A-83BB121AAD01}</UniqueIdentifier>
      <Extensions>rc;ico;cur;bmp;dlg;rc2;rct;bin;rgs;gif;jpg;jpeg;jpe;resx;tiff;tif;png;wav;mfcribbon-ms</Extensions>
    </Filter>
    <Filter Include="Source Files\src">
      <UniqueIdentifier>{8218492a-0b44-4b22-ac0f-50b97d2835d6}</UniqueIdentifier>
    </Filter>
    <Filter Include="Source Files\src\AlliedUI">
      <UniqueIdentifier>{457721b2-6047-4c79-96b1-1b593861742d}</UniqueIdentifier>
    </Filter>
  </ItemGroup>
  <ItemGroup>
    <Text Include="ReadMe.txt" />
  </ItemGroup>
  <ItemGroup>
    <ClInclude Include="AlliedUITest.h">
      <Filter>Header Files</Filter>
    </ClInclude>
    <ClInclude Include="AlliedUITestDlg.h">
      <Filter>Header Files</Filter>
    </ClInclude>
    <ClInclude Include="stdafx.h">
      <Filter>Header Files</Filter>
    </ClInclude>
    <ClInclude Include="targetver.h">
      <Filter>Header Files</Filter>
    </ClInclude>
    <ClInclude Include="Resource.h">
      <Filter>Header Files</Filter>
    </ClInclude>
    <ClInclude Include="src\AlliedUI\AlliedUIDefine.h">
      <Filter>Source Files\src\AlliedUI</Filter>
    </ClInclude>
    <ClInclude Include="src\AlliedUI\AlliedUIUtil.h">
      <Filter>Source Files\src\AlliedUI</Filter>
    </ClInclude>
    <ClInclude Include="src\AlliedUI\Define.h">
      <Filter>Source Files\src\AlliedUI</Filter>
    </ClInclude>
    <ClInclude Include="src\AlliedUI\BorderCustomWnd.h">
      <Filter>Source Files\src\AlliedUI</Filter>
    </ClInclude>
    <ClInclude Include="AlliedUITestChild.h">
      <Filter>Header Files</Filter>
    </ClInclude>
  </ItemGroup>
  <ItemGroup>
    <ClCompile Include="AlliedUITest.cpp">
      <Filter>Source Files</Filter>
    </ClCompile>
    <ClCompile Include="AlliedUITestDlg.cpp">
      <Filter>Source Files</Filter>
    </ClCompile>
    <ClCompile Include="stdafx.cpp">
      <Filter>Source Files</Filter>
    </ClCompile>
    <ClCompile Include="src\AlliedUI\AlliedUIUtil.cpp">
      <Filter>Source Files\src\AlliedUI</Filter>
    </ClCompile>
    <ClCompile Include="src\AlliedUI\BorderCustomWnd.cpp">
      <Filter>Source Files\src\AlliedUI</Filter>
    </ClCompile>
    <ClCompile Include="AlliedUITestChild.cpp">
      <Filter>Source Files</Filter>
    </ClCompile>
  </ItemGroup>
  <ItemGroup>
    <ResourceCompile Include="AlliedUITest.rc">
      <Filter>Resource Files</Filter>
    </ResourceCompile>
  </ItemGroup>
  <ItemGroup>
    <None Include="res\AlliedUITest.rc2">
      <Filter>Resource Files</Filter>
    </None>
  </ItemGroup>
  <ItemGroup>
    <Image Include="res\AlliedUITest.ico">
      <Filter>Resource Files</Filter>
    </Image>
  </ItemGroup>
</Project>